FORGE
  remote: https://forgeapi.puppetlabs.com
  specs:
    dwerder-graphite (5.10.2)
      puppetlabs-stdlib (>= 3.2.0)
    jdowning-statsd (2.4.0)
      puppetlabs-stdlib (< 5.0.0, >= 4.1.0)
      stahnma-epel (< 2.0.0, > 1.0.0)
    maestrodev-wget (1.6.0)
    puppetlabs-apt (1.8.0)
      puppetlabs-stdlib (>= 2.2.1)
    puppetlabs-mongodb (0.10.0)
      puppetlabs-apt (< 2.0.0, >= 1.0.0)
      puppetlabs-stdlib (< 5.0.0, >= 2.2.0)
    puppetlabs-stdlib (4.5.1)
    stahnma-epel (1.0.2)
    willdurand-nodejs (1.8.5)
      maestrodev-wget (>= 1.2.0)
      puppetlabs-stdlib (>= 3.2.1)

GIT
  remote: git@github.com:dspeele/hbcd-sbtubuntu.git
  ref: v1.0.0
  sha: 6bb16d2ae5fdae8d02187c5ede958d49ca126b7d
  specs:
    hbcd-sbtubuntu (0.1.0)
      puppetlabs-stdlib (>= 1.0.0)

DEPENDENCIES
  dwerder-graphite (>= 0)
  hbcd-sbtubuntu (>= 0)
  jdowning-statsd (>= 0)
  puppetlabs-mongodb (>= 0)
  willdurand-nodejs (>= 0)

